
Microsoft Visual Studio Solution File, Format Version 12.00
# Visual Studio Version 16
VisualStudioVersion = 16.0.31729.503
MinimumVisualStudioVersion = 10.0.40219.1
Project("{FAE04EC0-301F-11D3-BF4B-00C04F79EFBC}") = "TwilioDemo", "TwilioDemo\TwilioDemo.csproj", "{4EA94919-A1AE-47B8-8AA4-15DF346A0912}"
EndProject
Global
	GlobalSection(SolutionConfigurationPlatforms) = preSolution
		Debug|Any CPU = Debug|Any CPU
		Release|Any CPU = Release|Any CPU
	EndGlobalSection
	GlobalSection(ProjectConfigurationPlatforms) = postSolution
		{4EA94919-A1AE-47B8-8AA4-15DF346A0912}.Debug|Any CPU.ActiveCfg = Debug|Any CPU
		{4EA94919-A1AE-47B8-8AA4-15DF346A0912}.Debug|Any CPU.Build.0 = Debug|Any CPU
		{4EA94919-A1AE-47B8-8AA4-15DF346A0912}.Release|Any CPU.ActiveCfg = Release|Any CPU
		{4EA94919-A1AE-47B8-8AA4-15DF346A0912}.Release|Any CPU.Build.0 = Release|Any CPU
	EndGlobalSection
	GlobalSection(SolutionProperties) = preSolution
		HideSolutionNode = FALSE
	EndGlobalSection
	GlobalSection(ExtensibilityGlobals) = postSolution
		SolutionGuid = {69B252B7-9AFD-466B-939A-1D8004D1663B}
	EndGlobalSection
EndGlobal
